
Microsoft Visual Studio Solution File, Format Version 12.00
# Visual Studio Version 16
VisualStudioVersion = 16.0.30523.141
MinimumVisualStudioVersion = 10.0.40219.1
Project("{8BC9CEB8-8B4A-11D0-8D11-00A0C91BC942}") = "PWGen", "PWGen.vcxproj", "{09DEE78B-43B3-4F3B-B990-C148C73F2FDF}"
EndProject
Global
	GlobalSection(SolutionConfigurationPlatforms) = preSolution
		Debug|x64 = Debug|x64
		Debug|x86 = Debug|x86
		Release|x64 = Release|x64
		Release|x86 = Release|x86
	EndGlobalSection
	GlobalSection(ProjectConfigurationPlatforms) = postSolution
		{09DEE78B-43B3-4F3B-B990-C148C73F2FDF}.Debug|x64.ActiveCfg = Debug|x64
		{09DEE78B-43B3-4F3B-B990-C148C73F2FDF}.Debug|x64.Build.0 = Debug|x64
		{09DEE78B-43B3-4F3B-B990-C148C73F2FDF}.Debug|x86.ActiveCfg = Debug|Win32
		{09DEE78B-43B3-4F3B-B990-C148C73F2FDF}.Debug|x86.Build.0 = Debug|Win32
		{09DEE78B-43B3-4F3B-B990-C148C73F2FDF}.Release|x64.ActiveCfg = Release|x64
		{09DEE78B-43B3-4F3B-B990-C148C73F2FDF}.Release|x64.Build.0 = Release|x64
		{09DEE78B-43B3-4F3B-B990-C148C73F2FDF}.Release|x86.ActiveCfg = Release|Win32
		{09DEE78B-43B3-4F3B-B990-C148C73F2FDF}.Release|x86.Build.0 = Release|Win32
	EndGlobalSection
	GlobalSection(SolutionProperties) = preSolution
		HideSolutionNode = FALSE
	EndGlobalSection
	GlobalSection(ExtensibilityGlobals) = postSolution
		SolutionGuid = {64EECCAE-DAFF-441F-B604-8C7D9D286BC2}
	EndGlobalSection
EndGlobal
